[root]
name = "machete"
version = "0.0.1"
dependencies = [
 "docopt 0.6.28 (git+https://github.com/docopt/docopt.rs.git)",
 "docopt_macros 0.6.28 (git+https://github.com/docopt/docopt.rs.git)",
 "regex 0.1.10 (registry+https://github.com/rust-lang/crates.io-index)",
 "regex_macros 0.1.5 (registry+https://github.com/rust-lang/crates.io-index)",
 "rustc-serialize 0.2.7 (registry+https://github.com/rust-lang/crates.io-index)",
]

[[package]]
name = "docopt"
version = "0.6.28"
source = "git+https://github.com/docopt/docopt.rs.git#071033f8b56b15f2be3b10911604661422df07d7"
dependencies = [
 "regex 0.1.10 (registry+https://github.com/rust-lang/crates.io-index)",
 "rustc-serialize 0.2.7 (registry+https://github.com/rust-lang/crates.io-index)",
]

[[package]]
name = "docopt_macros"
version = "0.6.28"
source = "git+https://github.com/docopt/docopt.rs.git#071033f8b56b15f2be3b10911604661422df07d7"
dependencies = [
 "docopt 0.6.28 (git+https://github.com/docopt/docopt.rs.git)",
]

[[package]]
name = "regex"
version = "0.1.10"
source = "registry+https://github.com/rust-lang/crates.io-index"

[[package]]
name = "regex_macros"
version = "0.1.5"
source = "registry+https://github.com/rust-lang/crates.io-index"
dependencies = [
 "regex 0.1.10 (registry+https://github.com/rust-lang/crates.io-index)",
]

[[package]]
name = "rustc-serialize"
version = "0.2.7"
source = "registry+https://github.com/rust-lang/crates.io-index"

