[root]
name = "machete"
version = "0.0.1"
dependencies = [
 "docopt 0.6.22 (git+https://github.com/docopt/docopt.rs.git)",
]

[[package]]
name = "docopt"
version = "0.6.22"
source = "git+https://github.com/docopt/docopt.rs.git#1c1a4a13221186e9adc772e2a29c955994f60d21"
dependencies = [
 "regex 0.1.7 (registry+https://github.com/rust-lang/crates.io-index)",
 "rustc-serialize 0.2.3 (registry+https://github.com/rust-lang/crates.io-index)",
]

[[package]]
name = "regex"
version = "0.1.7"
source = "registry+https://github.com/rust-lang/crates.io-index"

[[package]]
name = "rustc-serialize"
version = "0.2.3"
source = "registry+https://github.com/rust-lang/crates.io-index"

